
Microsoft Visual Studio Solution File, Format Version 12.00
Project("{FAE04EC0-301F-11D3-BF4B-00C04F79EFBC}") = "Mino", "Mino\Mino.csproj", "{19917542-BE90-4FCB-B4C5-A17671CBBBE1}"
EndProject
Project("{FAE04EC0-301F-11D3-BF4B-00C04F79EFBC}") = "Mino.Gtk", "Mino.Gtk\Mino.Gtk.csproj", "{38F6A766-25A7-4D3C-AE9E-6B129B2815A4}"
EndProject
Project("{FAE04EC0-301F-11D3-BF4B-00C04F79EFBC}") = "Mino.Wpf", "Mino.Wpf\Mino.Wpf.csproj", "{72054FA2-974F-4EED-8033-3EA382CC02B0}"
EndProject
Project("{2150E333-8FDC-42A3-9474-1A3956D46DE8}") = "Desktop", "Desktop", "{F9BE77B4-2619-46D6-B5C4-C3861B173E50}"
EndProject
Project("{2150E333-8FDC-42A3-9474-1A3956D46DE8}") = "Server", "Server", "{C699AC55-4CDC-464C-89CF-AF4581EBC153}"
EndProject
Project("{FAE04EC0-301F-11D3-BF4B-00C04F79EFBC}") = "Mino.Api", "Mino.Api\Mino.Api.csproj", "{029F5CD7-E578-402A-AF5B-3D2DFB73A326}"
EndProject
Global
	GlobalSection(SolutionConfigurationPlatforms) = preSolution
		Debug|Any CPU = Debug|Any CPU
		Release|Any CPU = Release|Any CPU
	EndGlobalSection
	GlobalSection(ProjectConfigurationPlatforms) = postSolution
		{19917542-BE90-4FCB-B4C5-A17671CBBBE1}.Debug|Any CPU.ActiveCfg = Debug|Any CPU
		{19917542-BE90-4FCB-B4C5-A17671CBBBE1}.Debug|Any CPU.Build.0 = Debug|Any CPU
		{19917542-BE90-4FCB-B4C5-A17671CBBBE1}.Release|Any CPU.ActiveCfg = Release|Any CPU
		{19917542-BE90-4FCB-B4C5-A17671CBBBE1}.Release|Any CPU.Build.0 = Release|Any CPU
		{38F6A766-25A7-4D3C-AE9E-6B129B2815A4}.Debug|Any CPU.ActiveCfg = Debug|Any CPU
		{38F6A766-25A7-4D3C-AE9E-6B129B2815A4}.Debug|Any CPU.Build.0 = Debug|Any CPU
		{38F6A766-25A7-4D3C-AE9E-6B129B2815A4}.Release|Any CPU.ActiveCfg = Release|Any CPU
		{38F6A766-25A7-4D3C-AE9E-6B129B2815A4}.Release|Any CPU.Build.0 = Release|Any CPU
		{72054FA2-974F-4EED-8033-3EA382CC02B0}.Debug|Any CPU.ActiveCfg = Debug|Any CPU
		{72054FA2-974F-4EED-8033-3EA382CC02B0}.Debug|Any CPU.Build.0 = Debug|Any CPU
		{72054FA2-974F-4EED-8033-3EA382CC02B0}.Release|Any CPU.ActiveCfg = Release|Any CPU
		{72054FA2-974F-4EED-8033-3EA382CC02B0}.Release|Any CPU.Build.0 = Release|Any CPU
		{029F5CD7-E578-402A-AF5B-3D2DFB73A326}.Debug|Any CPU.ActiveCfg = Debug|Any CPU
		{029F5CD7-E578-402A-AF5B-3D2DFB73A326}.Debug|Any CPU.Build.0 = Debug|Any CPU
		{029F5CD7-E578-402A-AF5B-3D2DFB73A326}.Release|Any CPU.ActiveCfg = Release|Any CPU
		{029F5CD7-E578-402A-AF5B-3D2DFB73A326}.Release|Any CPU.Build.0 = Release|Any CPU
	EndGlobalSection
	GlobalSection(NestedProjects) = preSolution
		{19917542-BE90-4FCB-B4C5-A17671CBBBE1} = {F9BE77B4-2619-46D6-B5C4-C3861B173E50}
		{38F6A766-25A7-4D3C-AE9E-6B129B2815A4} = {F9BE77B4-2619-46D6-B5C4-C3861B173E50}
		{72054FA2-974F-4EED-8033-3EA382CC02B0} = {F9BE77B4-2619-46D6-B5C4-C3861B173E50}
		{029F5CD7-E578-402A-AF5B-3D2DFB73A326} = {C699AC55-4CDC-464C-89CF-AF4581EBC153}
	EndGlobalSection
EndGlobal
